
Microsoft Visual Studio Solution File, Format Version 12.00
# Visual Studio 15
Project("{FAE04EC0-301F-11D3-BF4B-00C04F79EFBC}") = "3DPortfolio", "Assembly-CSharp.csproj", "{A8F39931-4DFF-9C5F-577A-7709FBAC618D}"
EndProject
Project("{FAE04EC0-301F-11D3-BF4B-00C04F79EFBC}") = "3DPortfolio", "Assembly-CSharp-Editor.csproj", "{47FBA110-5F1D-871D-F7F3-5E492E5DECEE}"
EndProject
Global
	GlobalSection(SolutionConfigurationPlatforms) = preSolution
		Debug|Any CPU = Debug|Any CPU
		Release|Any CPU = Release|Any CPU
	EndGlobalSection
	GlobalSection(ProjectConfigurationPlatforms) = postSolution
		{A8F39931-4DFF-9C5F-577A-7709FBAC618D}.Debug|Any CPU.ActiveCfg = Debug|Any CPU
		{A8F39931-4DFF-9C5F-577A-7709FBAC618D}.Debug|Any CPU.Build.0 = Debug|Any CPU
		{A8F39931-4DFF-9C5F-577A-7709FBAC618D}.Release|Any CPU.ActiveCfg = Release|Any CPU
		{A8F39931-4DFF-9C5F-577A-7709FBAC618D}.Release|Any CPU.Build.0 = Release|Any CPU
		{47FBA110-5F1D-871D-F7F3-5E492E5DECEE}.Debug|Any CPU.ActiveCfg = Debug|Any CPU
		{47FBA110-5F1D-871D-F7F3-5E492E5DECEE}.Debug|Any CPU.Build.0 = Debug|Any CPU
		{47FBA110-5F1D-871D-F7F3-5E492E5DECEE}.Release|Any CPU.ActiveCfg = Release|Any CPU
		{47FBA110-5F1D-871D-F7F3-5E492E5DECEE}.Release|Any CPU.Build.0 = Release|Any CPU
	EndGlobalSection
	GlobalSection(SolutionProperties) = preSolution
		HideSolutionNode = FALSE
	EndGlobalSection
EndGlobal
